
Microsoft Visual Studio Solution File, Format Version 12.00
# Visual Studio Version 17
VisualStudioVersion = 17.8.34511.84
MinimumVisualStudioVersion = 10.0.40219.1
Project("{FAE04EC0-301F-11D3-BF4B-00C04F79EFBC}") = "presentationLayerConsoleApp", "presentationLayerConsoleApp\presentationLayerConsoleApp.csproj", "{31F6F192-38F0-441C-8B57-63C2A1EB2D33}"
EndProject
Project("{FAE04EC0-301F-11D3-BF4B-00C04F79EFBC}") = "DataAccessLayer", "DataAccessLayer\DataAccessLayer.csproj", "{94643C82-ADAE-4EB5-9486-33FC10A56733}"
EndProject
Project("{FAE04EC0-301F-11D3-BF4B-00C04F79EFBC}") = "BusinessLayer", "BusinessLayer\BusinessLayer.csproj", "{B5106BBA-C293-49CE-952E-80F43B29012C}"
EndProject
Global
	GlobalSection(SolutionConfigurationPlatforms) = preSolution
		Debug|Any CPU = Debug|Any CPU
		Release|Any CPU = Release|Any CPU
	EndGlobalSection
	GlobalSection(ProjectConfigurationPlatforms) = postSolution
		{31F6F192-38F0-441C-8B57-63C2A1EB2D33}.Debug|Any CPU.ActiveCfg = Debug|Any CPU
		{31F6F192-38F0-441C-8B57-63C2A1EB2D33}.Debug|Any CPU.Build.0 = Debug|Any CPU
		{31F6F192-38F0-441C-8B57-63C2A1EB2D33}.Release|Any CPU.ActiveCfg = Release|Any CPU
		{31F6F192-38F0-441C-8B57-63C2A1EB2D33}.Release|Any CPU.Build.0 = Release|Any CPU
		{94643C82-ADAE-4EB5-9486-33FC10A56733}.Debug|Any CPU.ActiveCfg = Debug|Any CPU
		{94643C82-ADAE-4EB5-9486-33FC10A56733}.Debug|Any CPU.Build.0 = Debug|Any CPU
		{94643C82-ADAE-4EB5-9486-33FC10A56733}.Release|Any CPU.ActiveCfg = Release|Any CPU
		{94643C82-ADAE-4EB5-9486-33FC10A56733}.Release|Any CPU.Build.0 = Release|Any CPU
		{B5106BBA-C293-49CE-952E-80F43B29012C}.Debug|Any CPU.ActiveCfg = Debug|Any CPU
		{B5106BBA-C293-49CE-952E-80F43B29012C}.Debug|Any CPU.Build.0 = Debug|Any CPU
		{B5106BBA-C293-49CE-952E-80F43B29012C}.Release|Any CPU.ActiveCfg = Release|Any CPU
		{B5106BBA-C293-49CE-952E-80F43B29012C}.Release|Any CPU.Build.0 = Release|Any CPU
	EndGlobalSection
	GlobalSection(SolutionProperties) = preSolution
		HideSolutionNode = FALSE
	EndGlobalSection
	GlobalSection(ExtensibilityGlobals) = postSolution
		SolutionGuid = {2A912F10-D3BD-41B7-9F9A-7B6ABFCEEC80}
	EndGlobalSection
EndGlobal
